{
  "name": "gecko-dom-libgen",
  "version": "0.0.1",
  "lockfileVersion": 3,
  "requires": true,
  "packages": {
    "": {
      "name": "gecko-dom-libgen",
      "version": "0.0.1",
      "license": "Apache-2.0",
      "dependencies": {
        "@webref/elements": "^2.3.0",
        "webidl2": "^24.4.1"
      }
    }
  }
}
