{
  "name": "gecko-dom-libgen",
  "version": "0.0.1",
  "lockfileVersion": 3,
  "requires": true,
  "packages": {
    "": {
      "name": "gecko-dom-libgen",
      "version": "0.0.1",
      "license": "Apache-2.0",
      "dependencies": {
        "webidl2": "^24.4.1"
      }
    },
    "node_modules/webidl2": {
      "version": "24.4.1",
      "resolved": "https://registry.npmjs.org/webidl2/-/webidl2-24.4.1.tgz",
      "integrity": "sha512-cPToqvZlxTAlaMucZyU28XtFLJz3XPdTdIWK/r3IaP1jfkjqne3OTniJS8DZqfzee1aBUQn80d6s2vYert50kg==",
      "engines": {
        "node": ">= 14"
      }
    }
  }
}
